
Microsoft Visual Studio Solution File, Format Version 12.00
# Visual Studio Version 16
VisualStudioVersion = 25.0.1706.1
MinimumVisualStudioVersion = 10.0.40219.1
Project("{FAE04EC0-301F-11D3-BF4B-00C04F79EFBC}") = "GenerateWeather", "GenerateWeather\GenerateWeather.csproj", "{B487E6D9-222A-49E3-BEE8-7305232B652F}"
EndProject
Global
	GlobalSection(SolutionConfigurationPlatforms) = preSolution
		Debug|Any CPU = Debug|Any CPU
		Release|Any CPU = Release|Any CPU
	EndGlobalSection
	GlobalSection(ProjectConfigurationPlatforms) = postSolution
		{B487E6D9-222A-49E3-BEE8-7305232B652F}.Debug|Any CPU.ActiveCfg = Debug|Any CPU
		{B487E6D9-222A-49E3-BEE8-7305232B652F}.Debug|Any CPU.Build.0 = Debug|Any CPU
		{B487E6D9-222A-49E3-BEE8-7305232B652F}.Release|Any CPU.ActiveCfg = Release|Any CPU
		{B487E6D9-222A-49E3-BEE8-7305232B652F}.Release|Any CPU.Build.0 = Release|Any CPU
	EndGlobalSection
	GlobalSection(SolutionProperties) = preSolution
		HideSolutionNode = FALSE
	EndGlobalSection
	GlobalSection(ExtensibilityGlobals) = postSolution
		SolutionGuid = {4952AD65-AB08-4C9E-BA02-90B95C478E5D}
	EndGlobalSection
EndGlobal
